
Microsoft Visual Studio Solution File, Format Version 12.00
# Visual Studio Version 16
VisualStudioVersion = 16.0.29230.47
MinimumVisualStudioVersion = 10.0.40219.1
Project("{FAE04EC0-301F-11D3-BF4B-00C04F79EFBC}") = "ContainerVervoer", "ContainerVervoer.csproj", "{3A1E3540-F9A5-43FD-9F80-B69AE2369AF5}"
EndProject
Project("{FAE04EC0-301F-11D3-BF4B-00C04F79EFBC}") = "ContainerVervoerTests1", "..\ContainerVervoerTests1\ContainerVervoerTests1.csproj", "{70423FD1-A41B-4950-B4E3-52D9F8913F75}"
EndProject
Project("{FAE04EC0-301F-11D3-BF4B-00C04F79EFBC}") = "ContainerVervoerClassLibrary", "..\ContainerVervoerClassLibrary\ContainerVervoerClassLibrary.csproj", "{296C79A6-D4F3-43BA-8022-FB65634CD0D9}"
EndProject
Global
	GlobalSection(SolutionConfigurationPlatforms) = preSolution
		Debug|Any CPU = Debug|Any CPU
		Release|Any CPU = Release|Any CPU
	EndGlobalSection
	GlobalSection(ProjectConfigurationPlatforms) = postSolution
		{3A1E3540-F9A5-43FD-9F80-B69AE2369AF5}.Debug|Any CPU.ActiveCfg = Debug|Any CPU
		{3A1E3540-F9A5-43FD-9F80-B69AE2369AF5}.Debug|Any CPU.Build.0 = Debug|Any CPU
		{3A1E3540-F9A5-43FD-9F80-B69AE2369AF5}.Release|Any CPU.ActiveCfg = Release|Any CPU
		{3A1E3540-F9A5-43FD-9F80-B69AE2369AF5}.Release|Any CPU.Build.0 = Release|Any CPU
		{70423FD1-A41B-4950-B4E3-52D9F8913F75}.Debug|Any CPU.ActiveCfg = Debug|Any CPU
		{70423FD1-A41B-4950-B4E3-52D9F8913F75}.Debug|Any CPU.Build.0 = Debug|Any CPU
		{70423FD1-A41B-4950-B4E3-52D9F8913F75}.Release|Any CPU.ActiveCfg = Release|Any CPU
		{70423FD1-A41B-4950-B4E3-52D9F8913F75}.Release|Any CPU.Build.0 = Release|Any CPU
		{296C79A6-D4F3-43BA-8022-FB65634CD0D9}.Debug|Any CPU.ActiveCfg = Debug|Any CPU
		{296C79A6-D4F3-43BA-8022-FB65634CD0D9}.Debug|Any CPU.Build.0 = Debug|Any CPU
		{296C79A6-D4F3-43BA-8022-FB65634CD0D9}.Release|Any CPU.ActiveCfg = Release|Any CPU
		{296C79A6-D4F3-43BA-8022-FB65634CD0D9}.Release|Any CPU.Build.0 = Release|Any CPU
	EndGlobalSection
	GlobalSection(SolutionProperties) = preSolution
		HideSolutionNode = FALSE
	EndGlobalSection
	GlobalSection(ExtensibilityGlobals) = postSolution
		SolutionGuid = {FBE24B5E-C910-4C87-8A28-7CD7EAF2863E}
	EndGlobalSection
EndGlobal
